
Microsoft Visual Studio Solution File, Format Version 12.00
# Visual Studio 14
VisualStudioVersion = 14.0.23107.0
MinimumVisualStudioVersion = 10.0.40219.1
Project("{FAE04EC0-301F-11D3-BF4B-00C04F79EFBC}") = "QBMemory", "QBMemory\QBMemory.csproj", "{7399E374-58E8-4340-95AB-7158B0850AC2}"
EndProject
Project("{FAE04EC0-301F-11D3-BF4B-00C04F79EFBC}") = "QBProgram", "QBProgram\QBProgram.csproj", "{A6E38431-6593-4918-B1F5-978AC93E601C}"
EndProject
Project("{FAE04EC0-301F-11D3-BF4B-00C04F79EFBC}") = "QBTypes", "QBTypes\QBTypes.csproj", "{4875DA22-128C-4DDE-8E50-EDDFFDC50361}"
EndProject
Project("{FAE04EC0-301F-11D3-BF4B-00C04F79EFBC}") = "QBEmulation", "QBEmulation\QBEmulation.csproj", "{72FF164B-BDCA-4BCA-8203-806748F467C7}"
EndProject
Project("{FAE04EC0-301F-11D3-BF4B-00C04F79EFBC}") = "Tests", "Tests\Tests.csproj", "{E34F8139-9BB3-481C-AE69-F395191257F0}"
EndProject
Project("{FAE04EC0-301F-11D3-BF4B-00C04F79EFBC}") = "TryStuff", "TryStuff\TryStuff.csproj", "{86F8E7AA-9E53-4CAD-B7DE-1F4C01229CA9}"
EndProject
Project("{FAE04EC0-301F-11D3-BF4B-00C04F79EFBC}") = "QBParsing", "QBParsing\QBParsing.csproj", "{0C16F749-7A29-4806-AF68-1271DCF5625F}"
EndProject
Project("{FAE04EC0-301F-11D3-BF4B-00C04F79EFBC}") = "QBCommon", "QBCommon\QBCommon.csproj", "{3C697AD6-3D6D-48D6-BCF3-DA24FD2AA669}"
EndProject
Global
	GlobalSection(SolutionConfigurationPlatforms) = preSolution
		Debug|Any CPU = Debug|Any CPU
		Release|Any CPU = Release|Any CPU
	EndGlobalSection
	GlobalSection(ProjectConfigurationPlatforms) = postSolution
		{7399E374-58E8-4340-95AB-7158B0850AC2}.Debug|Any CPU.ActiveCfg = Debug|Any CPU
		{7399E374-58E8-4340-95AB-7158B0850AC2}.Debug|Any CPU.Build.0 = Debug|Any CPU
		{7399E374-58E8-4340-95AB-7158B0850AC2}.Release|Any CPU.ActiveCfg = Release|Any CPU
		{7399E374-58E8-4340-95AB-7158B0850AC2}.Release|Any CPU.Build.0 = Release|Any CPU
		{A6E38431-6593-4918-B1F5-978AC93E601C}.Debug|Any CPU.ActiveCfg = Debug|Any CPU
		{A6E38431-6593-4918-B1F5-978AC93E601C}.Debug|Any CPU.Build.0 = Debug|Any CPU
		{A6E38431-6593-4918-B1F5-978AC93E601C}.Release|Any CPU.ActiveCfg = Release|Any CPU
		{A6E38431-6593-4918-B1F5-978AC93E601C}.Release|Any CPU.Build.0 = Release|Any CPU
		{4875DA22-128C-4DDE-8E50-EDDFFDC50361}.Debug|Any CPU.ActiveCfg = Debug|Any CPU
		{4875DA22-128C-4DDE-8E50-EDDFFDC50361}.Debug|Any CPU.Build.0 = Debug|Any CPU
		{4875DA22-128C-4DDE-8E50-EDDFFDC50361}.Release|Any CPU.ActiveCfg = Release|Any CPU
		{4875DA22-128C-4DDE-8E50-EDDFFDC50361}.Release|Any CPU.Build.0 = Release|Any CPU
		{72FF164B-BDCA-4BCA-8203-806748F467C7}.Debug|Any CPU.ActiveCfg = Debug|Any CPU
		{72FF164B-BDCA-4BCA-8203-806748F467C7}.Debug|Any CPU.Build.0 = Debug|Any CPU
		{72FF164B-BDCA-4BCA-8203-806748F467C7}.Release|Any CPU.ActiveCfg = Release|Any CPU
		{72FF164B-BDCA-4BCA-8203-806748F467C7}.Release|Any CPU.Build.0 = Release|Any CPU
		{E34F8139-9BB3-481C-AE69-F395191257F0}.Debug|Any CPU.ActiveCfg = Debug|Any CPU
		{E34F8139-9BB3-481C-AE69-F395191257F0}.Debug|Any CPU.Build.0 = Debug|Any CPU
		{E34F8139-9BB3-481C-AE69-F395191257F0}.Release|Any CPU.ActiveCfg = Release|Any CPU
		{E34F8139-9BB3-481C-AE69-F395191257F0}.Release|Any CPU.Build.0 = Release|Any CPU
		{86F8E7AA-9E53-4CAD-B7DE-1F4C01229CA9}.Debug|Any CPU.ActiveCfg = Debug|Any CPU
		{86F8E7AA-9E53-4CAD-B7DE-1F4C01229CA9}.Debug|Any CPU.Build.0 = Debug|Any CPU
		{86F8E7AA-9E53-4CAD-B7DE-1F4C01229CA9}.Release|Any CPU.ActiveCfg = Release|Any CPU
		{86F8E7AA-9E53-4CAD-B7DE-1F4C01229CA9}.Release|Any CPU.Build.0 = Release|Any CPU
		{0C16F749-7A29-4806-AF68-1271DCF5625F}.Debug|Any CPU.ActiveCfg = Debug|Any CPU
		{0C16F749-7A29-4806-AF68-1271DCF5625F}.Debug|Any CPU.Build.0 = Debug|Any CPU
		{0C16F749-7A29-4806-AF68-1271DCF5625F}.Release|Any CPU.ActiveCfg = Release|Any CPU
		{0C16F749-7A29-4806-AF68-1271DCF5625F}.Release|Any CPU.Build.0 = Release|Any CPU
		{3C697AD6-3D6D-48D6-BCF3-DA24FD2AA669}.Debug|Any CPU.ActiveCfg = Debug|Any CPU
		{3C697AD6-3D6D-48D6-BCF3-DA24FD2AA669}.Debug|Any CPU.Build.0 = Debug|Any CPU
		{3C697AD6-3D6D-48D6-BCF3-DA24FD2AA669}.Release|Any CPU.ActiveCfg = Release|Any CPU
		{3C697AD6-3D6D-48D6-BCF3-DA24FD2AA669}.Release|Any CPU.Build.0 = Release|Any CPU
	EndGlobalSection
	GlobalSection(SolutionProperties) = preSolution
		HideSolutionNode = FALSE
	EndGlobalSection
EndGlobal
